
Microsoft Visual Studio Solution File, Format Version 12.00
# Visual Studio Version 17
VisualStudioVersion = 17.13.35825.156 d17.13
MinimumVisualStudioVersion = 10.0.40219.1
Project("{FAE04EC0-301F-11D3-BF4B-00C04F79EFBC}") = "Lab4", "Lab4\Lab4.csproj", "{CC75C4E7-D7EA-4D6E-83D8-097B81EFB12A}"
EndProject
Global
	GlobalSection(SolutionConfigurationPlatforms) = preSolution
		Debug|Any CPU = Debug|Any CPU
		Release|Any CPU = Release|Any CPU
	EndGlobalSection
	GlobalSection(ProjectConfigurationPlatforms) = postSolution
		{CC75C4E7-D7EA-4D6E-83D8-097B81EFB12A}.Debug|Any CPU.ActiveCfg = Debug|Any CPU
		{CC75C4E7-D7EA-4D6E-83D8-097B81EFB12A}.Debug|Any CPU.Build.0 = Debug|Any CPU
		{CC75C4E7-D7EA-4D6E-83D8-097B81EFB12A}.Release|Any CPU.ActiveCfg = Release|Any CPU
		{CC75C4E7-D7EA-4D6E-83D8-097B81EFB12A}.Release|Any CPU.Build.0 = Release|Any CPU
	EndGlobalSection
	GlobalSection(SolutionProperties) = preSolution
		HideSolutionNode = FALSE
	EndGlobalSection
	GlobalSection(ExtensibilityGlobals) = postSolution
		SolutionGuid = {96F76679-22F0-4398-BDD5-EFC0565FEE4A}
	EndGlobalSection
EndGlobal
